
Microsoft Visual Studio Solution File, Format Version 12.00
# Visual Studio Version 17
VisualStudioVersion = 17.9.34607.119
MinimumVisualStudioVersion = 10.0.40219.1
Project("{FAE04EC0-301F-11D3-BF4B-00C04F79EFBC}") = "Algoritma-5", "Algoritma-5\Algoritma-5.csproj", "{06DE3C38-D0FA-4B57-8262-63672249607A}"
EndProject
Global
	GlobalSection(SolutionConfigurationPlatforms) = preSolution
		Debug|Any CPU = Debug|Any CPU
		Release|Any CPU = Release|Any CPU
	EndGlobalSection
	GlobalSection(ProjectConfigurationPlatforms) = postSolution
		{06DE3C38-D0FA-4B57-8262-63672249607A}.Debug|Any CPU.ActiveCfg = Debug|Any CPU
		{06DE3C38-D0FA-4B57-8262-63672249607A}.Debug|Any CPU.Build.0 = Debug|Any CPU
		{06DE3C38-D0FA-4B57-8262-63672249607A}.Release|Any CPU.ActiveCfg = Release|Any CPU
		{06DE3C38-D0FA-4B57-8262-63672249607A}.Release|Any CPU.Build.0 = Release|Any CPU
	EndGlobalSection
	GlobalSection(SolutionProperties) = preSolution
		HideSolutionNode = FALSE
	EndGlobalSection
	GlobalSection(ExtensibilityGlobals) = postSolution
		SolutionGuid = {BB33EF18-68B8-465C-8AC1-6A268F914CD8}
	EndGlobalSection
EndGlobal
