
Microsoft Visual Studio Solution File, Format Version 12.00
# Visual Studio Version 17
VisualStudioVersion = 17.9.34607.119
MinimumVisualStudioVersion = 10.0.40219.1
Project("{FAE04EC0-301F-11D3-BF4B-00C04F79EFBC}") = "ArttirmaAzaltma", "ArttirmaAzaltma\ArttirmaAzaltma.csproj", "{4FE5B09B-CF01-4DBB-965A-4AC77C792BF1}"
EndProject
Global
	GlobalSection(SolutionConfigurationPlatforms) = preSolution
		Debug|Any CPU = Debug|Any CPU
		Release|Any CPU = Release|Any CPU
	EndGlobalSection
	GlobalSection(ProjectConfigurationPlatforms) = postSolution
		{4FE5B09B-CF01-4DBB-965A-4AC77C792BF1}.Debug|Any CPU.ActiveCfg = Debug|Any CPU
		{4FE5B09B-CF01-4DBB-965A-4AC77C792BF1}.Debug|Any CPU.Build.0 = Debug|Any CPU
		{4FE5B09B-CF01-4DBB-965A-4AC77C792BF1}.Release|Any CPU.ActiveCfg = Release|Any CPU
		{4FE5B09B-CF01-4DBB-965A-4AC77C792BF1}.Release|Any CPU.Build.0 = Release|Any CPU
	EndGlobalSection
	GlobalSection(SolutionProperties) = preSolution
		HideSolutionNode = FALSE
	EndGlobalSection
	GlobalSection(ExtensibilityGlobals) = postSolution
		SolutionGuid = {0B331334-60BD-4E40-B3DC-EA76D0D9E2BE}
	EndGlobalSection
EndGlobal
