
Microsoft Visual Studio Solution File, Format Version 12.00
# Visual Studio Version 17
VisualStudioVersion = 17.9.34607.119
MinimumVisualStudioVersion = 10.0.40219.1
Project("{FAE04EC0-301F-11D3-BF4B-00C04F79EFBC}") = "KararYapilari-İfElse", "KararYapilari-İfElse\KararYapilari-İfElse.csproj", "{0CDF82EB-B643-412D-96EE-3F83A6AE53A1}"
EndProject
Global
	GlobalSection(SolutionConfigurationPlatforms) = preSolution
		Debug|Any CPU = Debug|Any CPU
		Release|Any CPU = Release|Any CPU
	EndGlobalSection
	GlobalSection(ProjectConfigurationPlatforms) = postSolution
		{0CDF82EB-B643-412D-96EE-3F83A6AE53A1}.Debug|Any CPU.ActiveCfg = Debug|Any CPU
		{0CDF82EB-B643-412D-96EE-3F83A6AE53A1}.Debug|Any CPU.Build.0 = Debug|Any CPU
		{0CDF82EB-B643-412D-96EE-3F83A6AE53A1}.Release|Any CPU.ActiveCfg = Release|Any CPU
		{0CDF82EB-B643-412D-96EE-3F83A6AE53A1}.Release|Any CPU.Build.0 = Release|Any CPU
	EndGlobalSection
	GlobalSection(SolutionProperties) = preSolution
		HideSolutionNode = FALSE
	EndGlobalSection
	GlobalSection(ExtensibilityGlobals) = postSolution
		SolutionGuid = {2BC975C7-922A-410F-909E-B17E26A0963C}
	EndGlobalSection
EndGlobal
